
Microsoft Visual Studio Solution File, Format Version 12.00
# Visual Studio 2013
VisualStudioVersion = 12.0.21005.1
MinimumVisualStudioVersion = 10.0.40219.1
Project("{FAE04EC0-301F-11D3-BF4B-00C04F79EFBC}") = "ClipboardDemo", "ClipboardDemo\ClipboardDemo.csproj", "{2E730412-78D8-4C74-BD85-A3664B60604E}"
EndProject
Project("{FAE04EC0-301F-11D3-BF4B-00C04F79EFBC}") = "DragDropDemo", "DragDropDemo\DragDropDemo.csproj", "{59CA600F-1A90-478D-896F-CDB4AC8FD3E8}"
EndProject
Project("{FAE04EC0-301F-11D3-BF4B-00C04F79EFBC}") = "Serialize_Deserialize", "Serialize_Deserialize\Serialize_Deserialize.csproj", "{1A2781DC-D964-44FA-9F1A-549BD3633E9E}"
EndProject
Project("{FAE04EC0-301F-11D3-BF4B-00C04F79EFBC}") = "ICloneableDemo", "ICloneableDemo\ICloneableDemo.csproj", "{F2C36366-3861-4656-8658-C77A573FE29B}"
EndProject
Global
	GlobalSection(SolutionConfigurationPlatforms) = preSolution
		Debug|Any CPU = Debug|Any CPU
		Release|Any CPU = Release|Any CPU
	EndGlobalSection
	GlobalSection(ProjectConfigurationPlatforms) = postSolution
		{2E730412-78D8-4C74-BD85-A3664B60604E}.Debug|Any CPU.ActiveCfg = Debug|Any CPU
		{2E730412-78D8-4C74-BD85-A3664B60604E}.Debug|Any CPU.Build.0 = Debug|Any CPU
		{2E730412-78D8-4C74-BD85-A3664B60604E}.Release|Any CPU.ActiveCfg = Release|Any CPU
		{2E730412-78D8-4C74-BD85-A3664B60604E}.Release|Any CPU.Build.0 = Release|Any CPU
		{59CA600F-1A90-478D-896F-CDB4AC8FD3E8}.Debug|Any CPU.ActiveCfg = Debug|Any CPU
		{59CA600F-1A90-478D-896F-CDB4AC8FD3E8}.Debug|Any CPU.Build.0 = Debug|Any CPU
		{59CA600F-1A90-478D-896F-CDB4AC8FD3E8}.Release|Any CPU.ActiveCfg = Release|Any CPU
		{59CA600F-1A90-478D-896F-CDB4AC8FD3E8}.Release|Any CPU.Build.0 = Release|Any CPU
		{1A2781DC-D964-44FA-9F1A-549BD3633E9E}.Debug|Any CPU.ActiveCfg = Debug|Any CPU
		{1A2781DC-D964-44FA-9F1A-549BD3633E9E}.Debug|Any CPU.Build.0 = Debug|Any CPU
		{1A2781DC-D964-44FA-9F1A-549BD3633E9E}.Release|Any CPU.ActiveCfg = Release|Any CPU
		{1A2781DC-D964-44FA-9F1A-549BD3633E9E}.Release|Any CPU.Build.0 = Release|Any CPU
		{F2C36366-3861-4656-8658-C77A573FE29B}.Debug|Any CPU.ActiveCfg = Debug|Any CPU
		{F2C36366-3861-4656-8658-C77A573FE29B}.Debug|Any CPU.Build.0 = Debug|Any CPU
		{F2C36366-3861-4656-8658-C77A573FE29B}.Release|Any CPU.ActiveCfg = Release|Any CPU
		{F2C36366-3861-4656-8658-C77A573FE29B}.Release|Any CPU.Build.0 = Release|Any CPU
	EndGlobalSection
	GlobalSection(SolutionProperties) = preSolution
		HideSolutionNode = FALSE
	EndGlobalSection
EndGlobal
